
Microsoft Visual Studio Solution File, Format Version 12.00
# Visual Studio Version 17
VisualStudioVersion = 17.3.32929.385
MinimumVisualStudioVersion = 10.0.40219.1
Project("{FAE04EC0-301F-11D3-BF4B-00C04F79EFBC}") = "ejercicio1", "ejercicio1\ejercicio1.csproj", "{804F577B-ED4C-4BB5-AF93-62AA6B3ADDDF}"
EndProject
Project("{FAE04EC0-301F-11D3-BF4B-00C04F79EFBC}") = "ejercicio2", "ejercicio2\ejercicio2.csproj", "{F80802C7-6DF6-4BC5-80BB-1CE2EA642700}"
EndProject
Project("{FAE04EC0-301F-11D3-BF4B-00C04F79EFBC}") = "ejercicio3", "ejercicio3\ejercicio3.csproj", "{956458CF-B3A3-426C-826B-87699E75A7F1}"
EndProject
Project("{FAE04EC0-301F-11D3-BF4B-00C04F79EFBC}") = "ejercicio4", "ejercicio4\ejercicio4.csproj", "{75745725-8B69-40DE-8319-2865FF15FB8F}"
EndProject
Global
	GlobalSection(SolutionConfigurationPlatforms) = preSolution
		Debug|Any CPU = Debug|Any CPU
		Release|Any CPU = Release|Any CPU
	EndGlobalSection
	GlobalSection(ProjectConfigurationPlatforms) = postSolution
		{804F577B-ED4C-4BB5-AF93-62AA6B3ADDDF}.Debug|Any CPU.ActiveCfg = Debug|Any CPU
		{804F577B-ED4C-4BB5-AF93-62AA6B3ADDDF}.Debug|Any CPU.Build.0 = Debug|Any CPU
		{804F577B-ED4C-4BB5-AF93-62AA6B3ADDDF}.Release|Any CPU.ActiveCfg = Release|Any CPU
		{804F577B-ED4C-4BB5-AF93-62AA6B3ADDDF}.Release|Any CPU.Build.0 = Release|Any CPU
		{F80802C7-6DF6-4BC5-80BB-1CE2EA642700}.Debug|Any CPU.ActiveCfg = Debug|Any CPU
		{F80802C7-6DF6-4BC5-80BB-1CE2EA642700}.Debug|Any CPU.Build.0 = Debug|Any CPU
		{F80802C7-6DF6-4BC5-80BB-1CE2EA642700}.Release|Any CPU.ActiveCfg = Release|Any CPU
		{F80802C7-6DF6-4BC5-80BB-1CE2EA642700}.Release|Any CPU.Build.0 = Release|Any CPU
		{956458CF-B3A3-426C-826B-87699E75A7F1}.Debug|Any CPU.ActiveCfg = Debug|Any CPU
		{956458CF-B3A3-426C-826B-87699E75A7F1}.Debug|Any CPU.Build.0 = Debug|Any CPU
		{956458CF-B3A3-426C-826B-87699E75A7F1}.Release|Any CPU.ActiveCfg = Release|Any CPU
		{956458CF-B3A3-426C-826B-87699E75A7F1}.Release|Any CPU.Build.0 = Release|Any CPU
		{75745725-8B69-40DE-8319-2865FF15FB8F}.Debug|Any CPU.ActiveCfg = Debug|Any CPU
		{75745725-8B69-40DE-8319-2865FF15FB8F}.Debug|Any CPU.Build.0 = Debug|Any CPU
		{75745725-8B69-40DE-8319-2865FF15FB8F}.Release|Any CPU.ActiveCfg = Release|Any CPU
		{75745725-8B69-40DE-8319-2865FF15FB8F}.Release|Any CPU.Build.0 = Release|Any CPU
	EndGlobalSection
	GlobalSection(SolutionProperties) = preSolution
		HideSolutionNode = FALSE
	EndGlobalSection
	GlobalSection(ExtensibilityGlobals) = postSolution
		SolutionGuid = {3B0ED2EE-CFC6-4408-8641-406898830EC6}
	EndGlobalSection
EndGlobal
